
Microsoft Visual Studio Solution File, Format Version 12.00
# Visual Studio Version 16
VisualStudioVersion = 16.0.32510.428
MinimumVisualStudioVersion = 10.0.40219.1
Project("{FAE04EC0-301F-11D3-BF4B-00C04F79EFBC}") = "OdeToFood", "OdeToFood\OdeToFood.csproj", "{7BFEFEFC-70CA-402F-A022-F3F40A848D9D}"
EndProject
Global
	GlobalSection(SolutionConfigurationPlatforms) = preSolution
		Debug|Any CPU = Debug|Any CPU
		Release|Any CPU = Release|Any CPU
	EndGlobalSection
	GlobalSection(ProjectConfigurationPlatforms) = postSolution
		{7BFEFEFC-70CA-402F-A022-F3F40A848D9D}.Debug|Any CPU.ActiveCfg = Debug|Any CPU
		{7BFEFEFC-70CA-402F-A022-F3F40A848D9D}.Debug|Any CPU.Build.0 = Debug|Any CPU
		{7BFEFEFC-70CA-402F-A022-F3F40A848D9D}.Release|Any CPU.ActiveCfg = Release|Any CPU
		{7BFEFEFC-70CA-402F-A022-F3F40A848D9D}.Release|Any CPU.Build.0 = Release|Any CPU
	EndGlobalSection
	GlobalSection(SolutionProperties) = preSolution
		HideSolutionNode = FALSE
	EndGlobalSection
	GlobalSection(ExtensibilityGlobals) = postSolution
		SolutionGuid = {A6462772-CCDB-4102-895A-6F1B7CB0D820}
	EndGlobalSection
EndGlobal
